
Microsoft Visual Studio Solution File, Format Version 12.00
# Visual Studio 14
VisualStudioVersion = 14.0.24720.0
MinimumVisualStudioVersion = 10.0.40219.1
Project("{2150E333-8FDC-42A3-9474-1A3956D46DE8}") = "src", "src", "{3307929B-ECD0-4C85-B3A0-02AB42D1EF0A}"
EndProject
Project("{2150E333-8FDC-42A3-9474-1A3956D46DE8}") = "Solution Items", "Solution Items", "{1BDEAB7E-1C77-4624-B778-68B27E6ED4FA}"
	ProjectSection(SolutionItems) = preProject
		global.json = global.json
	EndProjectSection
EndProject
Project("{8BB2217D-0F2D-49D1-97BC-3654ED321F3B}") = "Padmate.Allen.TodoApi", "src\Padmate.Allen.TodoApi\Padmate.Allen.TodoApi.xproj", "{CDB359F0-5D78-4399-BF37-EB5A3D4E7DF8}"
	ProjectSection(ProjectDependencies) = postProject
		{0FC48146-7037-4E48-AC7B-7D8B837A4882} = {0FC48146-7037-4E48-AC7B-7D8B837A4882}
		{F3A41B67-D570-4D38-947E-5F96C332FCD2} = {F3A41B67-D570-4D38-947E-5F96C332FCD2}
		{2EA5E995-6382-4D47-9777-5F0EE4CF0B10} = {2EA5E995-6382-4D47-9777-5F0EE4CF0B10}
		{783D6BA3-16E2-4CEE-805B-46A1EF15CA3B} = {783D6BA3-16E2-4CEE-805B-46A1EF15CA3B}
		{24A082D0-852D-49E1-BC68-17528C42F7DB} = {24A082D0-852D-49E1-BC68-17528C42F7DB}
	EndProjectSection
EndProject
Project("{8BB2217D-0F2D-49D1-97BC-3654ED321F3B}") = "Padmate.Allen.Models", "src\Padmate.Allen.Models\Padmate.Allen.Models.xproj", "{0FC48146-7037-4E48-AC7B-7D8B837A4882}"
EndProject
Project("{8BB2217D-0F2D-49D1-97BC-3654ED321F3B}") = "Padmate.Allen.Entities", "src\Padmate.Allen.Entities\Padmate.Allen.Entities.xproj", "{2EA5E995-6382-4D47-9777-5F0EE4CF0B10}"
EndProject
Project("{8BB2217D-0F2D-49D1-97BC-3654ED321F3B}") = "Padmate.Allen.Repository", "src\Padmate.Allen.Repository\Padmate.Allen.Repository.xproj", "{24A082D0-852D-49E1-BC68-17528C42F7DB}"
	ProjectSection(ProjectDependencies) = postProject
		{0FC48146-7037-4E48-AC7B-7D8B837A4882} = {0FC48146-7037-4E48-AC7B-7D8B837A4882}
		{2EA5E995-6382-4D47-9777-5F0EE4CF0B10} = {2EA5E995-6382-4D47-9777-5F0EE4CF0B10}
		{783D6BA3-16E2-4CEE-805B-46A1EF15CA3B} = {783D6BA3-16E2-4CEE-805B-46A1EF15CA3B}
	EndProjectSection
EndProject
Project("{8BB2217D-0F2D-49D1-97BC-3654ED321F3B}") = "Padmate.Allen.Dao", "src\Padmate.Allen.Dao\Padmate.Allen.Dao.xproj", "{783D6BA3-16E2-4CEE-805B-46A1EF15CA3B}"
	ProjectSection(ProjectDependencies) = postProject
		{2EA5E995-6382-4D47-9777-5F0EE4CF0B10} = {2EA5E995-6382-4D47-9777-5F0EE4CF0B10}
	EndProjectSection
EndProject
Project("{8BB2217D-0F2D-49D1-97BC-3654ED321F3B}") = "Padmate.Allen.Controllers", "src\Padmate.Allen.Controllers\Padmate.Allen.Controllers.xproj", "{F3A41B67-D570-4D38-947E-5F96C332FCD2}"
	ProjectSection(ProjectDependencies) = postProject
		{0FC48146-7037-4E48-AC7B-7D8B837A4882} = {0FC48146-7037-4E48-AC7B-7D8B837A4882}
		{24A082D0-852D-49E1-BC68-17528C42F7DB} = {24A082D0-852D-49E1-BC68-17528C42F7DB}
	EndProjectSection
EndProject
Global
	GlobalSection(SolutionConfigurationPlatforms) = preSolution
		Debug|Any CPU = Debug|Any CPU
		Release|Any CPU = Release|Any CPU
	EndGlobalSection
	GlobalSection(ProjectConfigurationPlatforms) = postSolution
		{CDB359F0-5D78-4399-BF37-EB5A3D4E7DF8}.Debug|Any CPU.ActiveCfg = Debug|Any CPU
		{CDB359F0-5D78-4399-BF37-EB5A3D4E7DF8}.Debug|Any CPU.Build.0 = Debug|Any CPU
		{CDB359F0-5D78-4399-BF37-EB5A3D4E7DF8}.Release|Any CPU.ActiveCfg = Release|Any CPU
		{CDB359F0-5D78-4399-BF37-EB5A3D4E7DF8}.Release|Any CPU.Build.0 = Release|Any CPU
		{0FC48146-7037-4E48-AC7B-7D8B837A4882}.Debug|Any CPU.ActiveCfg = Debug|Any CPU
		{0FC48146-7037-4E48-AC7B-7D8B837A4882}.Debug|Any CPU.Build.0 = Debug|Any CPU
		{0FC48146-7037-4E48-AC7B-7D8B837A4882}.Release|Any CPU.ActiveCfg = Release|Any CPU
		{0FC48146-7037-4E48-AC7B-7D8B837A4882}.Release|Any CPU.Build.0 = Release|Any CPU
		{2EA5E995-6382-4D47-9777-5F0EE4CF0B10}.Debug|Any CPU.ActiveCfg = Debug|Any CPU
		{2EA5E995-6382-4D47-9777-5F0EE4CF0B10}.Debug|Any CPU.Build.0 = Debug|Any CPU
		{2EA5E995-6382-4D47-9777-5F0EE4CF0B10}.Release|Any CPU.ActiveCfg = Release|Any CPU
		{2EA5E995-6382-4D47-9777-5F0EE4CF0B10}.Release|Any CPU.Build.0 = Release|Any CPU
		{24A082D0-852D-49E1-BC68-17528C42F7DB}.Debug|Any CPU.ActiveCfg = Debug|Any CPU
		{24A082D0-852D-49E1-BC68-17528C42F7DB}.Debug|Any CPU.Build.0 = Debug|Any CPU
		{24A082D0-852D-49E1-BC68-17528C42F7DB}.Release|Any CPU.ActiveCfg = Release|Any CPU
		{24A082D0-852D-49E1-BC68-17528C42F7DB}.Release|Any CPU.Build.0 = Release|Any CPU
		{783D6BA3-16E2-4CEE-805B-46A1EF15CA3B}.Debug|Any CPU.ActiveCfg = Debug|Any CPU
		{783D6BA3-16E2-4CEE-805B-46A1EF15CA3B}.Debug|Any CPU.Build.0 = Debug|Any CPU
		{783D6BA3-16E2-4CEE-805B-46A1EF15CA3B}.Release|Any CPU.ActiveCfg = Release|Any CPU
		{783D6BA3-16E2-4CEE-805B-46A1EF15CA3B}.Release|Any CPU.Build.0 = Release|Any CPU
		{F3A41B67-D570-4D38-947E-5F96C332FCD2}.Debug|Any CPU.ActiveCfg = Debug|Any CPU
		{F3A41B67-D570-4D38-947E-5F96C332FCD2}.Debug|Any CPU.Build.0 = Debug|Any CPU
		{F3A41B67-D570-4D38-947E-5F96C332FCD2}.Release|Any CPU.ActiveCfg = Release|Any CPU
		{F3A41B67-D570-4D38-947E-5F96C332FCD2}.Release|Any CPU.Build.0 = Release|Any CPU
	EndGlobalSection
	GlobalSection(SolutionProperties) = preSolution
		HideSolutionNode = FALSE
	EndGlobalSection
	GlobalSection(NestedProjects) = preSolution
		{CDB359F0-5D78-4399-BF37-EB5A3D4E7DF8} = {3307929B-ECD0-4C85-B3A0-02AB42D1EF0A}
		{0FC48146-7037-4E48-AC7B-7D8B837A4882} = {3307929B-ECD0-4C85-B3A0-02AB42D1EF0A}
		{2EA5E995-6382-4D47-9777-5F0EE4CF0B10} = {3307929B-ECD0-4C85-B3A0-02AB42D1EF0A}
		{24A082D0-852D-49E1-BC68-17528C42F7DB} = {3307929B-ECD0-4C85-B3A0-02AB42D1EF0A}
		{783D6BA3-16E2-4CEE-805B-46A1EF15CA3B} = {3307929B-ECD0-4C85-B3A0-02AB42D1EF0A}
		{F3A41B67-D570-4D38-947E-5F96C332FCD2} = {3307929B-ECD0-4C85-B3A0-02AB42D1EF0A}
	EndGlobalSection
EndGlobal
